{
  "originHash" : "f22812751edefde9aa8804c30946e7a79ff90ebc79829aac98e8075b4f21a119",
  "pins" : [
    {
      "identity" : "swift-argument-parser",
      "kind" : "remoteSourceControl",
      "location" : "https://github.com/apple/swift-argument-parser",
      "state" : {
        "revision" : "c5d11a805e765f52ba34ec7284bd4fcd6ba68615",
        "version" : "1.7.0"
      }
    }
  ],
  "version" : 3
}
